{
  "version": 4,
  "terraform_version": "0.14.6",
  "serial": 1847,
  "lineage": "f6f9b229-6872-3efe-0410-a378494dd1f9",
  "outputs": {},
  "resources": [
    {
      "module": "module.backend",
      "mode": "managed",
      "type": "google_compute_forwarding_rule",
      "name": "default",
      "provider": "provider[\"registry.terraform.io/hashicorp/google\"]",
      "instances": []
    },
    {
      "module": "module.backend",
      "mode": "managed",
      "type": "google_compute_health_check",
      "name": "http",
      "provider": "provider[\"registry.terraform.io/hashicorp/google\"]",
      "instances": [
        {
          "schema_version": 0,
          "attributes": {
            "check_interval_sec": 20,
            "creation_timestamp": "2021-02-12T07:54:02.893-08:00",
            "description": "",
            "grpc_health_check": [],
            "healthy_threshold": 2,
            "http2_health_check": [],
            "http_health_check": [
              {
                "host": "",
                "port": 8080,
                "port_name": "",
                "port_specification": "",
                "proxy_header": "NONE",
                "request_path": "/",
                "response": ""
              }
            ],
            "https_health_check": [],
            "id": "projects/my-12345-project/global/healthChecks/check-website-backend-http",
            "name": "check-website-backend-http",
            "project": "my-12345-project",
            "self_link": "https://www.googleapis.com/compute/v1/projects/my-12345-project/global/healthChecks/check-website-backend-http",
            "ssl_health_check": [],
            "tcp_health_check": [],
            "timeout_sec": 15,
            "timeouts": null,
            "type": "HTTP",
            "unhealthy_threshold": 2
          },
          "sensitive_attributes": [],
          "private": "eyJlMmJmYjczMC1lY2FhLTExZTYtOGY4OC0zNDM2M2JjN2M0YzAiOnsiY3JlYXRlIjoyNDAwMDAwMDAwMDAsImRlbGV0ZSI6MjQwMDAwMDAwMDAwLCJ1cGRhdGUiOjI0MDAwMDAwMDAwMH19",
          "dependencies": [
            "module.vpc.google_compute_firewall.allow-bastion",
            "module.vpc.google_compute_firewall.allow-http",
            "module.vpc.google_compute_firewall.allow-internal",
            "module.vpc.google_compute_network.vpc",
            "module.vpc.google_compute_router.router",
            "module.vpc.google_compute_router_nat.nat",
            "module.vpc.google_compute_subnetwork.private",
            "module.vpc.google_compute_subnetwork.public"
          ]
        }
      ]
    },
    {
      "module": "module.backend",
      "mode": "managed",
      "type": "google_compute_health_check",
      "name": "tcp",
      "provider": "provider[\"registry.terraform.io/hashicorp/google\"]",
      "instances": [
        {
          "schema_version": 0,
          "attributes": {
            "check_interval_sec": 20,
            "creation_timestamp": "2021-02-12T07:54:02.980-08:00",
            "description": "",
            "grpc_health_check": [],
            "healthy_threshold": 2,
            "http2_health_check": [],
            "http_health_check": [],
            "https_health_check": [],
            "id": "projects/my-12345-project/global/healthChecks/check-website-backend",
            "name": "check-website-backend",
            "project": "my-12345-project",
            "self_link": "https://www.googleapis.com/compute/v1/projects/my-12345-project/global/healthChecks/check-website-backend",
            "ssl_health_check": [],
            "tcp_health_check": [
              {
                "port": 8080,
                "port_name": "",
                "port_specification": "",
                "proxy_header": "NONE",
                "request": "",
                "response": ""
              }
            ],
            "timeout_sec": 15,
            "timeouts": null,
            "type": "TCP",
            "unhealthy_threshold": 2
          },
          "sensitive_attributes": [],
          "private": "eyJlMmJmYjczMC1lY2FhLTExZTYtOGY4OC0zNDM2M2JjN2M0YzAiOnsiY3JlYXRlIjoyNDAwMDAwMDAwMDAsImRlbGV0ZSI6MjQwMDAwMDAwMDAwLCJ1cGRhdGUiOjI0MDAwMDAwMDAwMH19",
          "dependencies": [
            "module.vpc.google_compute_firewall.allow-bastion",
            "module.vpc.google_compute_firewall.allow-http",
            "module.vpc.google_compute_firewall.allow-internal",
            "module.vpc.google_compute_network.vpc",
            "module.vpc.google_compute_router.router",
            "module.vpc.google_compute_router_nat.nat",
            "module.vpc.google_compute_subnetwork.private",
            "module.vpc.google_compute_subnetwork.public"
          ]
        }
      ]
    },
    {
      "module": "module.backend",
      "mode": "managed",
      "type": "google_compute_instance_template",
      "name": "instance_tomcat",
      "provider": "provider[\"registry.terraform.io/hashicorp/google\"]",
      "instances": [
        {
          "status": "tainted",
          "schema_version": 1,
          "attributes": {
            "can_ip_forward": false,
            "confidential_instance_config": null,
            "description": "",
            "disk": [
              {
                "auto_delete": true,
                "boot": true,
                "device_name": "persistent-disk-0",
                "disk_encryption_key": [],
                "disk_name": "",
                "disk_size_gb": 0,
                "disk_type": "pd-standard",
                "interface": "SCSI",
                "labels": null,
                "mode": "READ_WRITE",
                "source": "",
                "source_image": "projects/centos-cloud/global/images/family/centos-7",
                "type": "PERSISTENT"
              }
            ],
            "enable_display": null,
            "guest_accelerator": [],
            "id": "projects/my-12345-project/global/instanceTemplates/tomcat-20210212155833483600000001",
            "instance_description": "",
            "labels": null,
            "machine_type": "n1-custom-1-4608",
            "metadata": null,
            "metadata_fingerprint": "lIkTdoknZXM=",
            "metadata_startup_script": "#!/bin/bash\n\n\nsudo yum install -y tomcat tomcat-webapps tomcat-admin-webapps tomcat-docs-webapp tomcat-javadoc\nsudo systemctl enable tomcat\nsudo systemctl start tomcat\n",
            "min_cpu_platform": "",
            "name": "tomcat-20210212155833483600000001",
            "name_prefix": "tomcat-",
            "network_interface": [
              {
                "access_config": [],
                "alias_ip_range": [],
                "name": "nic0",
                "network": "https://www.googleapis.com/compute/v1/projects/my-12345-project/global/networks/skosolapov-vpc",
                "network_ip": "",
                "subnetwork": "https://www.googleapis.com/compute/v1/projects/my-12345-project/regions/us-central1/subnetworks/private",
                "subnetwork_project": "my-12345-project"
              }
            ],
            "project": "my-12345-project",
            "region": "us-central1",
            "scheduling": [
              {
                "automatic_restart": true,
                "node_affinities": [],
                "on_host_maintenance": "MIGRATE",
                "preemptible": false
              }
            ],
            "self_link": "https://www.googleapis.com/compute/beta/projects/my-12345-project/global/instanceTemplates/tomcat-20210212155833483600000001",
            "service_account": [],
            "shielded_instance_config": [],
            "tags": null,
            "tags_fingerprint": "",
            "timeouts": null
          },
          "sensitive_attributes": [],
          "private": "eyJlMmJmYjczMC1lY2FhLTExZTYtOGY4OC0zNDM2M2JjN2M0YzAiOnsiY3JlYXRlIjoyNDAwMDAwMDAwMDAsImRlbGV0ZSI6MjQwMDAwMDAwMDAwfSwic2NoZW1hX3ZlcnNpb24iOiIxIn0=",
          "dependencies": [
            "module.vpc.google_compute_firewall.allow-bastion",
            "module.vpc.google_compute_firewall.allow-http",
            "module.vpc.google_compute_firewall.allow-internal",
            "module.vpc.google_compute_network.vpc",
            "module.vpc.google_compute_router.router",
            "module.vpc.google_compute_router_nat.nat",
            "module.vpc.google_compute_subnetwork.private",
            "module.vpc.google_compute_subnetwork.public"
          ]
        },
        {
          "status": "tainted",
          "deposed": "e4ffbea5",
          "schema_version": 1,
          "attributes": {
            "can_ip_forward": false,
            "confidential_instance_config": [],
            "description": "",
            "disk": [
              {
                "auto_delete": true,
                "boot": true,
                "device_name": "persistent-disk-0",
                "disk_encryption_key": [],
                "disk_name": "",
                "disk_size_gb": 0,
                "disk_type": "pd-standard",
                "interface": "SCSI",
                "labels": {},
                "mode": "READ_WRITE",
                "source": "",
                "source_image": "projects/centos-cloud/global/images/family/centos-7",
                "type": "PERSISTENT"
              }
            ],
            "enable_display": null,
            "guest_accelerator": [],
            "id": "projects/my-12345-project/global/instanceTemplates/tomcat-20210212155403203100000001",
            "instance_description": "",
            "labels": null,
            "machine_type": "n1-custom-1-4608",
            "metadata": {},
            "metadata_fingerprint": "lIkTdoknZXM=",
            "metadata_startup_script": "#!/bin/bash\n\n\nsudo yum install -y tomcat tomcat-webapps tomcat-admin-webapps tomcat-docs-webapp tomcat-javadoc\nsudo systemctl enable tomcat\nsudo systemctl start tomcat\n",
            "min_cpu_platform": "",
            "name": "tomcat-20210212155403203100000001",
            "name_prefix": "tomcat-",
            "network_interface": [
              {
                "access_config": [],
                "alias_ip_range": [],
                "name": "nic0",
                "network": "https://www.googleapis.com/compute/v1/projects/my-12345-project/global/networks/skosolapov-vpc",
                "network_ip": "",
                "subnetwork": "https://www.googleapis.com/compute/v1/projects/my-12345-project/regions/us-central1/subnetworks/private",
                "subnetwork_project": "my-12345-project"
              }
            ],
            "project": "my-12345-project",
            "region": "us-central1",
            "scheduling": [
              {
                "automatic_restart": true,
                "node_affinities": [],
                "on_host_maintenance": "MIGRATE",
                "preemptible": false
              }
            ],
            "self_link": "https://www.googleapis.com/compute/beta/projects/my-12345-project/global/instanceTemplates/tomcat-20210212155403203100000001",
            "service_account": [],
            "shielded_instance_config": [],
            "tags": [],
            "tags_fingerprint": "",
            "timeouts": null
          },
          "sensitive_attributes": [],
          "private": "eyJlMmJmYjczMC1lY2FhLTExZTYtOGY4OC0zNDM2M2JjN2M0YzAiOnsiY3JlYXRlIjoyNDAwMDAwMDAwMDAsImRlbGV0ZSI6MjQwMDAwMDAwMDAwfSwic2NoZW1hX3ZlcnNpb24iOiIxIn0=",
          "dependencies": [
            "module.vpc.google_compute_firewall.allow-bastion",
            "module.vpc.google_compute_firewall.allow-http",
            "module.vpc.google_compute_firewall.allow-internal",
            "module.vpc.google_compute_network.vpc",
            "module.vpc.google_compute_router.router",
            "module.vpc.google_compute_router_nat.nat",
            "module.vpc.google_compute_subnetwork.private",
            "module.vpc.google_compute_subnetwork.public"
          ],
          "create_before_destroy": true
        }
      ]
    },
    {
      "module": "module.backend",
      "mode": "managed",
      "type": "google_compute_region_backend_service",
      "name": "default",
      "provider": "provider[\"registry.terraform.io/hashicorp/google\"]",
      "instances": []
    },
    {
      "module": "module.backend",
      "mode": "managed",
      "type": "google_compute_region_health_check",
      "name": "tomcat-healthcheck",
      "provider": "provider[\"registry.terraform.io/hashicorp/google\"]",
      "instances": [
        {
          "schema_version": 0,
          "attributes": {
            "check_interval_sec": 1,
            "creation_timestamp": "2021-02-12T07:54:03.058-08:00",
            "description": "",
            "grpc_health_check": [],
            "healthy_threshold": 2,
            "http2_health_check": [],
            "http_health_check": [
              {
                "host": "",
                "port": 8080,
                "port_name": "",
                "port_specification": "",
                "proxy_header": "NONE",
                "request_path": "/",
                "response": ""
              }
            ],
            "https_health_check": [],
            "id": "projects/my-12345-project/regions/us-central1/healthChecks/tomcat-healthcheck",
            "name": "tomcat-healthcheck",
            "project": "my-12345-project",
            "region": "us-central1",
            "self_link": "https://www.googleapis.com/compute/v1/projects/my-12345-project/regions/us-central1/healthChecks/tomcat-healthcheck",
            "ssl_health_check": [],
            "tcp_health_check": [],
            "timeout_sec": 1,
            "timeouts": null,
            "type": "HTTP",
            "unhealthy_threshold": 2
          },
          "sensitive_attributes": [],
          "private": "eyJlMmJmYjczMC1lY2FhLTExZTYtOGY4OC0zNDM2M2JjN2M0YzAiOnsiY3JlYXRlIjoyNDAwMDAwMDAwMDAsImRlbGV0ZSI6MjQwMDAwMDAwMDAwLCJ1cGRhdGUiOjI0MDAwMDAwMDAwMH19",
          "dependencies": [
            "module.vpc.google_compute_firewall.allow-bastion",
            "module.vpc.google_compute_firewall.allow-http",
            "module.vpc.google_compute_firewall.allow-internal",
            "module.vpc.google_compute_network.vpc",
            "module.vpc.google_compute_router.router",
            "module.vpc.google_compute_router_nat.nat",
            "module.vpc.google_compute_subnetwork.private",
            "module.vpc.google_compute_subnetwork.public"
          ]
        }
      ]
    },
    {
      "module": "module.backend",
      "mode": "managed",
      "type": "google_compute_region_instance_group_manager",
      "name": "tomcat-manager",
      "provider": "provider[\"registry.terraform.io/hashicorp/google\"]",
      "instances": []
    },
    {
      "module": "module.frontend",
      "mode": "managed",
      "type": "google_compute_backend_service",
      "name": "staging_service",
      "provider": "provider[\"registry.terraform.io/hashicorp/google\"]",
      "instances": [
        {
          "schema_version": 1,
          "attributes": {
            "affinity_cookie_ttl_sec": 0,
            "backend": [
              {
                "balancing_mode": "UTILIZATION",
                "capacity_scaler": 1,
                "description": "",
                "group": "https://www.googleapis.com/compute/v1/projects/my-12345-project/zones/us-central1-c/instanceGroups/staging-instance-group",
                "max_connections": 0,
                "max_connections_per_endpoint": 0,
                "max_connections_per_instance": 0,
                "max_rate": 0,
                "max_rate_per_endpoint": 0,
                "max_rate_per_instance": 0,
                "max_utilization": 0.8
              }
            ],
            "cdn_policy": [],
            "circuit_breakers": [],
            "connection_draining_timeout_sec": 300,
            "consistent_hash": [],
            "creation_timestamp": "2021-02-12T07:54:29.892-08:00",
            "custom_request_headers": [],
            "description": "",
            "enable_cdn": false,
            "fingerprint": "BAE4gTcpA_o=",
            "health_checks": [
              "https://www.googleapis.com/compute/v1/projects/my-12345-project/global/httpHealthChecks/staging-health"
            ],
            "iap": [],
            "id": "projects/my-12345-project/global/backendServices/staging-service",
            "load_balancing_scheme": "EXTERNAL",
            "locality_lb_policy": "",
            "log_config": [],
            "name": "staging-service",
            "outlier_detection": [],
            "port_name": "http",
            "project": "my-12345-project",
            "protocol": "HTTP",
            "security_policy": "",
            "self_link": "https://www.googleapis.com/compute/v1/projects/my-12345-project/global/backendServices/staging-service",
            "session_affinity": "NONE",
            "timeout_sec": 30,
            "timeouts": null
          },
          "sensitive_attributes": [],
          "private": "eyJlMmJmYjczMC1lY2FhLTExZTYtOGY4OC0zNDM2M2JjN2M0YzAiOnsiY3JlYXRlIjoyNDAwMDAwMDAwMDAsImRlbGV0ZSI6MjQwMDAwMDAwMDAwLCJ1cGRhdGUiOjI0MDAwMDAwMDAwMH0sInNjaGVtYV92ZXJzaW9uIjoiMSJ9",
          "dependencies": [
            "module.frontend.google_compute_http_health_check.staging_health",
            "module.frontend.google_compute_instance.default",
            "module.frontend.google_compute_instance_group.staging_group",
            "module.vpc.google_compute_firewall.allow-bastion",
            "module.vpc.google_compute_firewall.allow-http",
            "module.vpc.google_compute_firewall.allow-internal",
            "module.vpc.google_compute_network.vpc",
            "module.vpc.google_compute_router.router",
            "module.vpc.google_compute_router_nat.nat",
            "module.vpc.google_compute_subnetwork.private",
            "module.vpc.google_compute_subnetwork.public"
          ]
        }
      ]
    },
    {
      "module": "module.frontend",
      "mode": "managed",
      "type": "google_compute_global_address",
      "name": "default",
      "provider": "provider[\"registry.terraform.io/hashicorp/google\"]",
      "instances": [
        {
          "schema_version": 0,
          "attributes": {
            "address": "34.102.147.204",
            "address_type": "EXTERNAL",
            "creation_timestamp": "2021-02-12T07:54:02.971-08:00",
            "description": "",
            "id": "projects/my-12345-project/global/addresses/global-appserver-ip",
            "ip_version": "",
            "name": "global-appserver-ip",
            "network": "",
            "prefix_length": 0,
            "project": "my-12345-project",
            "purpose": "",
            "self_link": "https://www.googleapis.com/compute/v1/projects/my-12345-project/global/addresses/global-appserver-ip",
            "timeouts": null
          },
          "sensitive_attributes": [],
          "private": "eyJlMmJmYjczMC1lY2FhLTExZTYtOGY4OC0zNDM2M2JjN2M0YzAiOnsiY3JlYXRlIjoyNDAwMDAwMDAwMDAsImRlbGV0ZSI6MjQwMDAwMDAwMDAwfX0=",
          "dependencies": [
            "module.vpc.google_compute_firewall.allow-bastion",
            "module.vpc.google_compute_firewall.allow-http",
            "module.vpc.google_compute_firewall.allow-internal",
            "module.vpc.google_compute_network.vpc",
            "module.vpc.google_compute_router.router",
            "module.vpc.google_compute_router_nat.nat",
            "module.vpc.google_compute_subnetwork.private",
            "module.vpc.google_compute_subnetwork.public"
          ]
        }
      ]
    },
    {
      "module": "module.frontend",
      "mode": "managed",
      "type": "google_compute_global_forwarding_rule",
      "name": "web",
      "provider": "provider[\"registry.terraform.io/hashicorp/google\"]",
      "instances": [
        {
          "schema_version": 0,
          "attributes": {
            "description": "",
            "id": "projects/my-12345-project/global/forwardingRules/global-appserver-ip80",
            "ip_address": "34.102.147.204",
            "ip_protocol": "TCP",
            "ip_version": "",
            "load_balancing_scheme": "EXTERNAL",
            "metadata_filters": [],
            "name": "global-appserver-ip80",
            "port_range": "80-80",
            "project": "my-12345-project",
            "self_link": "https://www.googleapis.com/compute/v1/projects/my-12345-project/global/forwardingRules/global-appserver-ip80",
            "target": "https://www.googleapis.com/compute/v1/projects/my-12345-project/global/targetHttpProxies/test-proxy",
            "timeouts": null
          },
          "sensitive_attributes": [],
          "private": "eyJlMmJmYjczMC1lY2FhLTExZTYtOGY4OC0zNDM2M2JjN2M0YzAiOnsiY3JlYXRlIjoyNDAwMDAwMDAwMDAsImRlbGV0ZSI6MjQwMDAwMDAwMDAwLCJ1cGRhdGUiOjI0MDAwMDAwMDAwMH19",
          "dependencies": [
            "module.frontend.google_compute_backend_service.staging_service",
            "module.frontend.google_compute_global_address.default",
            "module.frontend.google_compute_http_health_check.staging_health",
            "module.frontend.google_compute_instance.default",
            "module.frontend.google_compute_instance_group.staging_group",
            "module.frontend.google_compute_target_http_proxy.default",
            "module.frontend.google_compute_url_map.default",
            "module.vpc.google_compute_firewall.allow-bastion",
            "module.vpc.google_compute_firewall.allow-http",
            "module.vpc.google_compute_firewall.allow-internal",
            "module.vpc.google_compute_network.vpc",
            "module.vpc.google_compute_router.router",
            "module.vpc.google_compute_router_nat.nat",
            "module.vpc.google_compute_subnetwork.private",
            "module.vpc.google_compute_subnetwork.public"
          ]
        }
      ]
    },
    {
      "module": "module.frontend",
      "mode": "managed",
      "type": "google_compute_http_health_check",
      "name": "staging_health",
      "provider": "provider[\"registry.terraform.io/hashicorp/google\"]",
      "instances": [
        {
          "schema_version": 0,
          "attributes": {
            "check_interval_sec": 5,
            "creation_timestamp": "2021-02-12T07:54:02.895-08:00",
            "description": "",
            "healthy_threshold": 2,
            "host": "",
            "id": "projects/my-12345-project/global/httpHealthChecks/staging-health",
            "name": "staging-health",
            "port": 80,
            "project": "my-12345-project",
            "request_path": "/",
            "self_link": "https://www.googleapis.com/compute/v1/projects/my-12345-project/global/httpHealthChecks/staging-health",
            "timeout_sec": 5,
            "timeouts": null,
            "unhealthy_threshold": 2
          },
          "sensitive_attributes": [],
          "private": "eyJlMmJmYjczMC1lY2FhLTExZTYtOGY4OC0zNDM2M2JjN2M0YzAiOnsiY3JlYXRlIjoyNDAwMDAwMDAwMDAsImRlbGV0ZSI6MjQwMDAwMDAwMDAwLCJ1cGRhdGUiOjI0MDAwMDAwMDAwMH19",
          "dependencies": [
            "module.vpc.google_compute_firewall.allow-bastion",
            "module.vpc.google_compute_firewall.allow-http",
            "module.vpc.google_compute_firewall.allow-internal",
            "module.vpc.google_compute_network.vpc",
            "module.vpc.google_compute_router.router",
            "module.vpc.google_compute_router_nat.nat",
            "module.vpc.google_compute_subnetwork.private",
            "module.vpc.google_compute_subnetwork.public"
          ]
        }
      ]
    },
    {
      "module": "module.frontend",
      "mode": "managed",
      "type": "google_compute_instance",
      "name": "default",
      "provider": "provider[\"registry.terraform.io/hashicorp/google\"]",
      "instances": [
        {
          "schema_version": 6,
          "attributes": {
            "allow_stopping_for_update": null,
            "attached_disk": [],
            "boot_disk": [
              {
                "auto_delete": true,
                "device_name": "persistent-disk-0",
                "disk_encryption_key_raw": "",
                "disk_encryption_key_sha256": "",
                "initialize_params": [
                  {
                    "image": "https://www.googleapis.com/compute/v1/projects/centos-cloud/global/images/centos-7-v20180129",
                    "labels": {},
                    "size": 10,
                    "type": "pd-standard"
                  }
                ],
                "kms_key_self_link": "",
                "mode": "READ_WRITE",
                "source": "https://www.googleapis.com/compute/v1/projects/my-12345-project/zones/us-central1-c/disks/frontend"
              }
            ],
            "can_ip_forward": false,
            "confidential_instance_config": [],
            "cpu_platform": "Intel Haswell",
            "current_status": "RUNNING",
            "deletion_protection": false,
            "description": "",
            "desired_status": null,
            "enable_display": false,
            "guest_accelerator": [],
            "hostname": "",
            "id": "projects/my-12345-project/zones/us-central1-c/instances/frontend",
            "instance_id": "5163274128690190964",
            "label_fingerprint": "42WmSpB8rSM=",
            "labels": {},
            "machine_type": "custom-1-4608",
            "metadata": {},
            "metadata_fingerprint": "wmCeoHOYKfA=",
            "metadata_startup_script": "#!/bin/bash\n\nyum install -y nginx\nsudo systemctl enable nginx\nsudo systemctl start nginx\necho \"Hello from Sergey Kosolapov\" \u003e /usr/share/nginx/html/index.html\n",
            "min_cpu_platform": "",
            "name": "frontend",
            "network_interface": [
              {
                "access_config": [],
                "alias_ip_range": [],
                "name": "nic0",
                "network": "https://www.googleapis.com/compute/v1/projects/my-12345-project/global/networks/skosolapov-vpc",
                "network_ip": "10.13.1.2",
                "subnetwork": "https://www.googleapis.com/compute/v1/projects/my-12345-project/regions/us-central1/subnetworks/public",
                "subnetwork_project": "my-12345-project"
              }
            ],
            "project": "my-12345-project",
            "resource_policies": [],
            "scheduling": [
              {
                "automatic_restart": true,
                "node_affinities": [],
                "on_host_maintenance": "MIGRATE",
                "preemptible": false
              }
            ],
            "scratch_disk": [],
            "self_link": "https://www.googleapis.com/compute/v1/projects/my-12345-project/zones/us-central1-c/instances/frontend",
            "service_account": [],
            "shielded_instance_config": [],
            "tags": [
              "http",
              "ssh"
            ],
            "tags_fingerprint": "7XLBdwIeS7E=",
            "timeouts": null,
            "zone": "us-central1-c"
          },
          "sensitive_attributes": [],
          "private": "eyJlMmJmYjczMC1lY2FhLTExZTYtOGY4OC0zNDM2M2JjN2M0YzAiOnsiY3JlYXRlIjoxMjAwMDAwMDAwMDAwLCJkZWxldGUiOjEyMDAwMDAwMDAwMDAsInVwZGF0ZSI6MTIwMDAwMDAwMDAwMH0sInNjaGVtYV92ZXJzaW9uIjoiNiJ9",
          "dependencies": [
            "module.vpc.google_compute_firewall.allow-bastion",
            "module.vpc.google_compute_firewall.allow-http",
            "module.vpc.google_compute_firewall.allow-internal",
            "module.vpc.google_compute_network.vpc",
            "module.vpc.google_compute_router.router",
            "module.vpc.google_compute_router_nat.nat",
            "module.vpc.google_compute_subnetwork.private",
            "module.vpc.google_compute_subnetwork.public"
          ]
        }
      ]
    },
    {
      "module": "module.frontend",
      "mode": "managed",
      "type": "google_compute_instance_group",
      "name": "staging_group",
      "provider": "provider[\"registry.terraform.io/hashicorp/google\"]",
      "instances": [
        {
          "schema_version": 2,
          "attributes": {
            "description": "",
            "id": "projects/my-12345-project/zones/us-central1-c/instanceGroups/staging-instance-group",
            "instances": [
              "https://www.googleapis.com/compute/v1/projects/my-12345-project/zones/us-central1-c/instances/frontend"
            ],
            "name": "staging-instance-group",
            "named_port": [
              {
                "name": "http",
                "port": 80
              }
            ],
            "network": "https://www.googleapis.com/compute/v1/projects/my-12345-project/global/networks/skosolapov-vpc",
            "project": "my-12345-project",
            "self_link": "https://www.googleapis.com/compute/v1/projects/my-12345-project/zones/us-central1-c/instanceGroups/staging-instance-group",
            "size": 1,
            "timeouts": null,
            "zone": "us-central1-c"
          },
          "sensitive_attributes": [],
          "private": "eyJlMmJmYjczMC1lY2FhLTExZTYtOGY4OC0zNDM2M2JjN2M0YzAiOnsiY3JlYXRlIjozNjAwMDAwMDAwMDAsImRlbGV0ZSI6MzYwMDAwMDAwMDAwLCJ1cGRhdGUiOjM2MDAwMDAwMDAwMH0sInNjaGVtYV92ZXJzaW9uIjoiMiJ9",
          "dependencies": [
            "module.frontend.google_compute_instance.default",
            "module.vpc.google_compute_firewall.allow-bastion",
            "module.vpc.google_compute_firewall.allow-http",
            "module.vpc.google_compute_firewall.allow-internal",
            "module.vpc.google_compute_network.vpc",
            "module.vpc.google_compute_router.router",
            "module.vpc.google_compute_router_nat.nat",
            "module.vpc.google_compute_subnetwork.private",
            "module.vpc.google_compute_subnetwork.public"
          ],
          "create_before_destroy": true
        }
      ]
    },
    {
      "module": "module.frontend",
      "mode": "managed",
      "type": "google_compute_target_http_proxy",
      "name": "default",
      "provider": "provider[\"registry.terraform.io/hashicorp/google\"]",
      "instances": [
        {
          "schema_version": 0,
          "attributes": {
            "creation_timestamp": "2021-02-12T07:54:53.949-08:00",
            "description": "",
            "id": "projects/my-12345-project/global/targetHttpProxies/test-proxy",
            "name": "test-proxy",
            "project": "my-12345-project",
            "proxy_id": 2198287277447911970,
            "self_link": "https://www.googleapis.com/compute/v1/projects/my-12345-project/global/targetHttpProxies/test-proxy",
            "timeouts": null,
            "url_map": "https://www.googleapis.com/compute/v1/projects/my-12345-project/global/urlMaps/url-map"
          },
          "sensitive_attributes": [],
          "private": "eyJlMmJmYjczMC1lY2FhLTExZTYtOGY4OC0zNDM2M2JjN2M0YzAiOnsiY3JlYXRlIjoyNDAwMDAwMDAwMDAsImRlbGV0ZSI6MjQwMDAwMDAwMDAwLCJ1cGRhdGUiOjI0MDAwMDAwMDAwMH19",
          "dependencies": [
            "module.frontend.google_compute_backend_service.staging_service",
            "module.frontend.google_compute_http_health_check.staging_health",
            "module.frontend.google_compute_instance.default",
            "module.frontend.google_compute_instance_group.staging_group",
            "module.frontend.google_compute_url_map.default",
            "module.vpc.google_compute_firewall.allow-bastion",
            "module.vpc.google_compute_firewall.allow-http",
            "module.vpc.google_compute_firewall.allow-internal",
            "module.vpc.google_compute_network.vpc",
            "module.vpc.google_compute_router.router",
            "module.vpc.google_compute_router_nat.nat",
            "module.vpc.google_compute_subnetwork.private",
            "module.vpc.google_compute_subnetwork.public"
          ]
        }
      ]
    },
    {
      "module": "module.frontend",
      "mode": "managed",
      "type": "google_compute_url_map",
      "name": "default",
      "provider": "provider[\"registry.terraform.io/hashicorp/google\"]",
      "instances": [
        {
          "schema_version": 0,
          "attributes": {
            "creation_timestamp": "2021-02-12T07:54:42.191-08:00",
            "default_route_action": [],
            "default_service": "https://www.googleapis.com/compute/v1/projects/my-12345-project/global/backendServices/staging-service",
            "default_url_redirect": [],
            "description": "",
            "fingerprint": "sfb9ybZuF74=",
            "header_action": [],
            "host_rule": [],
            "id": "projects/my-12345-project/global/urlMaps/url-map",
            "map_id": 2211143299975813677,
            "name": "url-map",
            "path_matcher": [],
            "project": "my-12345-project",
            "self_link": "https://www.googleapis.com/compute/v1/projects/my-12345-project/global/urlMaps/url-map",
            "test": [],
            "timeouts": null
          },
          "sensitive_attributes": [],
          "private": "eyJlMmJmYjczMC1lY2FhLTExZTYtOGY4OC0zNDM2M2JjN2M0YzAiOnsiY3JlYXRlIjoyNDAwMDAwMDAwMDAsImRlbGV0ZSI6MjQwMDAwMDAwMDAwLCJ1cGRhdGUiOjI0MDAwMDAwMDAwMH19",
          "dependencies": [
            "module.frontend.google_compute_backend_service.staging_service",
            "module.frontend.google_compute_http_health_check.staging_health",
            "module.frontend.google_compute_instance.default",
            "module.frontend.google_compute_instance_group.staging_group",
            "module.vpc.google_compute_firewall.allow-bastion",
            "module.vpc.google_compute_firewall.allow-http",
            "module.vpc.google_compute_firewall.allow-internal",
            "module.vpc.google_compute_network.vpc",
            "module.vpc.google_compute_router.router",
            "module.vpc.google_compute_router_nat.nat",
            "module.vpc.google_compute_subnetwork.private",
            "module.vpc.google_compute_subnetwork.public"
          ]
        }
      ]
    },
    {
      "module": "module.vpc",
      "mode": "managed",
      "type": "google_compute_firewall",
      "name": "allow-bastion",
      "provider": "provider[\"registry.terraform.io/hashicorp/google\"]",
      "instances": [
        {
          "schema_version": 1,
          "attributes": {
            "allow": [
              {
                "ports": [
                  "22"
                ],
                "protocol": "tcp"
              }
            ],
            "creation_timestamp": "2021-02-12T07:53:26.890-08:00",
            "deny": [],
            "description": "",
            "destination_ranges": [],
            "direction": "INGRESS",
            "disabled": false,
            "enable_logging": null,
            "id": "projects/my-12345-project/global/firewalls/fw-allow-bastion",
            "log_config": [],
            "name": "fw-allow-bastion",
            "network": "https://www.googleapis.com/compute/v1/projects/my-12345-project/global/networks/skosolapov-vpc",
            "priority": 1000,
            "project": "my-12345-project",
            "self_link": "https://www.googleapis.com/compute/v1/projects/my-12345-project/global/firewalls/fw-allow-bastion",
            "source_ranges": [
              "0.0.0.0/0"
            ],
            "source_service_accounts": [],
            "source_tags": [],
            "target_service_accounts": [],
            "target_tags": [
              "ssh"
            ],
            "timeouts": null
          },
          "sensitive_attributes": [],
          "private": "eyJlMmJmYjczMC1lY2FhLTExZTYtOGY4OC0zNDM2M2JjN2M0YzAiOnsiY3JlYXRlIjoyNDAwMDAwMDAwMDAsImRlbGV0ZSI6MjQwMDAwMDAwMDAwLCJ1cGRhdGUiOjI0MDAwMDAwMDAwMH0sInNjaGVtYV92ZXJzaW9uIjoiMSJ9",
          "dependencies": [
            "module.vpc.google_compute_network.vpc"
          ],
          "create_before_destroy": true
        }
      ]
    },
    {
      "module": "module.vpc",
      "mode": "managed",
      "type": "google_compute_firewall",
      "name": "allow-http",
      "provider": "provider[\"registry.terraform.io/hashicorp/google\"]",
      "instances": [
        {
          "schema_version": 1,
          "attributes": {
            "allow": [
              {
                "ports": [
                  "80"
                ],
                "protocol": "tcp"
              }
            ],
            "creation_timestamp": "2021-02-12T07:53:26.889-08:00",
            "deny": [],
            "description": "",
            "destination_ranges": [],
            "direction": "INGRESS",
            "disabled": false,
            "enable_logging": null,
            "id": "projects/my-12345-project/global/firewalls/fw-allow-http",
            "log_config": [],
            "name": "fw-allow-http",
            "network": "https://www.googleapis.com/compute/v1/projects/my-12345-project/global/networks/skosolapov-vpc",
            "priority": 1000,
            "project": "my-12345-project",
            "self_link": "https://www.googleapis.com/compute/v1/projects/my-12345-project/global/firewalls/fw-allow-http",
            "source_ranges": [
              "0.0.0.0/0"
            ],
            "source_service_accounts": [],
            "source_tags": [],
            "target_service_accounts": [],
            "target_tags": [
              "http"
            ],
            "timeouts": null
          },
          "sensitive_attributes": [],
          "private": "eyJlMmJmYjczMC1lY2FhLTExZTYtOGY4OC0zNDM2M2JjN2M0YzAiOnsiY3JlYXRlIjoyNDAwMDAwMDAwMDAsImRlbGV0ZSI6MjQwMDAwMDAwMDAwLCJ1cGRhdGUiOjI0MDAwMDAwMDAwMH0sInNjaGVtYV92ZXJzaW9uIjoiMSJ9",
          "dependencies": [
            "module.vpc.google_compute_network.vpc"
          ],
          "create_before_destroy": true
        }
      ]
    },
    {
      "module": "module.vpc",
      "mode": "managed",
      "type": "google_compute_firewall",
      "name": "allow-internal",
      "provider": "provider[\"registry.terraform.io/hashicorp/google\"]",
      "instances": [
        {
          "schema_version": 1,
          "attributes": {
            "allow": [
              {
                "ports": [
                  "0-65535"
                ],
                "protocol": "tcp"
              },
              {
                "ports": [
                  "0-65535"
                ],
                "protocol": "udp"
              },
              {
                "ports": [],
                "protocol": "icmp"
              }
            ],
            "creation_timestamp": "2021-02-12T07:53:26.919-08:00",
            "deny": [],
            "description": "",
            "destination_ranges": [],
            "direction": "INGRESS",
            "disabled": false,
            "enable_logging": null,
            "id": "projects/my-12345-project/global/firewalls/fw-allow-internal",
            "log_config": [],
            "name": "fw-allow-internal",
            "network": "https://www.googleapis.com/compute/v1/projects/my-12345-project/global/networks/skosolapov-vpc",
            "priority": 1000,
            "project": "my-12345-project",
            "self_link": "https://www.googleapis.com/compute/v1/projects/my-12345-project/global/firewalls/fw-allow-internal",
            "source_ranges": [
              "10.13.1.0/24",
              "10.13.2.0/24"
            ],
            "source_service_accounts": [],
            "source_tags": [],
            "target_service_accounts": [],
            "target_tags": [],
            "timeouts": null
          },
          "sensitive_attributes": [],
          "private": "eyJlMmJmYjczMC1lY2FhLTExZTYtOGY4OC0zNDM2M2JjN2M0YzAiOnsiY3JlYXRlIjoyNDAwMDAwMDAwMDAsImRlbGV0ZSI6MjQwMDAwMDAwMDAwLCJ1cGRhdGUiOjI0MDAwMDAwMDAwMH0sInNjaGVtYV92ZXJzaW9uIjoiMSJ9",
          "dependencies": [
            "module.vpc.google_compute_network.vpc"
          ],
          "create_before_destroy": true
        }
      ]
    },
    {
      "module": "module.vpc",
      "mode": "managed",
      "type": "google_compute_network",
      "name": "vpc",
      "provider": "provider[\"registry.terraform.io/hashicorp/google\"]",
      "instances": [
        {
          "schema_version": 0,
          "attributes": {
            "auto_create_subnetworks": false,
            "delete_default_routes_on_create": false,
            "description": "",
            "gateway_ipv4": "",
            "id": "projects/my-12345-project/global/networks/skosolapov-vpc",
            "mtu": 0,
            "name": "skosolapov-vpc",
            "project": "my-12345-project",
            "routing_mode": "GLOBAL",
            "self_link": "https://www.googleapis.com/compute/v1/projects/my-12345-project/global/networks/skosolapov-vpc",
            "timeouts": null
          },
          "sensitive_attributes": [],
          "private": "eyJlMmJmYjczMC1lY2FhLTExZTYtOGY4OC0zNDM2M2JjN2M0YzAiOnsiY3JlYXRlIjoyNDAwMDAwMDAwMDAsImRlbGV0ZSI6MjQwMDAwMDAwMDAwLCJ1cGRhdGUiOjI0MDAwMDAwMDAwMH19",
          "create_before_destroy": true
        }
      ]
    },
    {
      "module": "module.vpc",
      "mode": "managed",
      "type": "google_compute_router",
      "name": "router",
      "provider": "provider[\"registry.terraform.io/hashicorp/google\"]",
      "instances": [
        {
          "schema_version": 0,
          "attributes": {
            "bgp": [
              {
                "advertise_mode": "DEFAULT",
                "advertised_groups": [],
                "advertised_ip_ranges": [],
                "asn": 64514
              }
            ],
            "creation_timestamp": "2021-02-12T07:53:38.894-08:00",
            "description": "",
            "id": "projects/my-12345-project/regions/us-central1/routers/my-router",
            "name": "my-router",
            "network": "https://www.googleapis.com/compute/v1/projects/my-12345-project/global/networks/skosolapov-vpc",
            "project": "my-12345-project",
            "region": "us-central1",
            "self_link": "https://www.googleapis.com/compute/v1/projects/my-12345-project/regions/us-central1/routers/my-router",
            "timeouts": null
          },
          "sensitive_attributes": [],
          "private": "eyJlMmJmYjczMC1lY2FhLTExZTYtOGY4OC0zNDM2M2JjN2M0YzAiOnsiY3JlYXRlIjoyNDAwMDAwMDAwMDAsImRlbGV0ZSI6MjQwMDAwMDAwMDAwLCJ1cGRhdGUiOjI0MDAwMDAwMDAwMH19",
          "dependencies": [
            "module.vpc.google_compute_network.vpc",
            "module.vpc.google_compute_subnetwork.private"
          ],
          "create_before_destroy": true
        }
      ]
    },
    {
      "module": "module.vpc",
      "mode": "managed",
      "type": "google_compute_router_nat",
      "name": "nat",
      "provider": "provider[\"registry.terraform.io/hashicorp/google\"]",
      "instances": [
        {
          "schema_version": 0,
          "attributes": {
            "drain_nat_ips": [],
            "enable_endpoint_independent_mapping": true,
            "icmp_idle_timeout_sec": 30,
            "id": "my-12345-project/us-central1/my-router/my-router-nat",
            "log_config": [
              {
                "enable": true,
                "filter": "ERRORS_ONLY"
              }
            ],
            "min_ports_per_vm": 0,
            "name": "my-router-nat",
            "nat_ip_allocate_option": "AUTO_ONLY",
            "nat_ips": [],
            "project": "my-12345-project",
            "region": "us-central1",
            "router": "my-router",
            "source_subnetwork_ip_ranges_to_nat": "ALL_SUBNETWORKS_ALL_IP_RANGES",
            "subnetwork": [],
            "tcp_established_idle_timeout_sec": 1200,
            "tcp_transitory_idle_timeout_sec": 30,
            "timeouts": null,
            "udp_idle_timeout_sec": 30
          },
          "sensitive_attributes": [],
          "private": "eyJlMmJmYjczMC1lY2FhLTExZTYtOGY4OC0zNDM2M2JjN2M0YzAiOnsiY3JlYXRlIjo2MDAwMDAwMDAwMDAsImRlbGV0ZSI6NjAwMDAwMDAwMDAwLCJ1cGRhdGUiOjYwMDAwMDAwMDAwMH19",
          "dependencies": [
            "module.vpc.google_compute_network.vpc",
            "module.vpc.google_compute_router.router",
            "module.vpc.google_compute_subnetwork.private"
          ],
          "create_before_destroy": true
        }
      ]
    },
    {
      "module": "module.vpc",
      "mode": "managed",
      "type": "google_compute_subnetwork",
      "name": "private",
      "provider": "provider[\"registry.terraform.io/hashicorp/google\"]",
      "instances": [
        {
          "schema_version": 0,
          "attributes": {
            "creation_timestamp": "2021-02-12T07:53:27.039-08:00",
            "description": "",
            "fingerprint": null,
            "gateway_address": "10.13.2.1",
            "id": "projects/my-12345-project/regions/us-central1/subnetworks/private",
            "ip_cidr_range": "10.13.2.0/24",
            "log_config": [],
            "name": "private",
            "network": "https://www.googleapis.com/compute/v1/projects/my-12345-project/global/networks/skosolapov-vpc",
            "private_ip_google_access": false,
            "private_ipv6_google_access": "DISABLE_GOOGLE_ACCESS",
            "project": "my-12345-project",
            "region": "us-central1",
            "secondary_ip_range": [],
            "self_link": "https://www.googleapis.com/compute/v1/projects/my-12345-project/regions/us-central1/subnetworks/private",
            "timeouts": null
          },
          "sensitive_attributes": [],
          "private": "eyJlMmJmYjczMC1lY2FhLTExZTYtOGY4OC0zNDM2M2JjN2M0YzAiOnsiY3JlYXRlIjozNjAwMDAwMDAwMDAsImRlbGV0ZSI6MzYwMDAwMDAwMDAwLCJ1cGRhdGUiOjM2MDAwMDAwMDAwMH19",
          "dependencies": [
            "module.vpc.google_compute_network.vpc"
          ],
          "create_before_destroy": true
        }
      ]
    },
    {
      "module": "module.vpc",
      "mode": "managed",
      "type": "google_compute_subnetwork",
      "name": "public",
      "provider": "provider[\"registry.terraform.io/hashicorp/google\"]",
      "instances": [
        {
          "schema_version": 0,
          "attributes": {
            "creation_timestamp": "2021-02-12T07:53:27.133-08:00",
            "description": "",
            "fingerprint": null,
            "gateway_address": "10.13.1.1",
            "id": "projects/my-12345-project/regions/us-central1/subnetworks/public",
            "ip_cidr_range": "10.13.1.0/24",
            "log_config": [],
            "name": "public",
            "network": "https://www.googleapis.com/compute/v1/projects/my-12345-project/global/networks/skosolapov-vpc",
            "private_ip_google_access": false,
            "private_ipv6_google_access": "DISABLE_GOOGLE_ACCESS",
            "project": "my-12345-project",
            "region": "us-central1",
            "secondary_ip_range": [],
            "self_link": "https://www.googleapis.com/compute/v1/projects/my-12345-project/regions/us-central1/subnetworks/public",
            "timeouts": null
          },
          "sensitive_attributes": [],
          "private": "eyJlMmJmYjczMC1lY2FhLTExZTYtOGY4OC0zNDM2M2JjN2M0YzAiOnsiY3JlYXRlIjozNjAwMDAwMDAwMDAsImRlbGV0ZSI6MzYwMDAwMDAwMDAwLCJ1cGRhdGUiOjM2MDAwMDAwMDAwMH19",
          "dependencies": [
            "module.vpc.google_compute_network.vpc"
          ],
          "create_before_destroy": true
        }
      ]
    }
  ]
}
